
Microsoft Visual Studio Solution File, Format Version 12.00
# Visual Studio Version 17
VisualStudioVersion = 17.0.31903.59
MinimumVisualStudioVersion = 10.0.40219.1
Project("{FAE04EC0-301F-11D3-BF4B-00C04F79EFBC}") = "ProjectEuler.CSharp", "ProjectEuler.CSharp\ProjectEuler.CSharp.csproj", "{AD5D49C9-DDE6-4BCF-AD4B-31BC1575C4A7}"
EndProject
Project("{FAE04EC0-301F-11D3-BF4B-00C04F79EFBC}") = "ProjectEuler.CSharp.Test", "ProjectEuler.CSharp.Test\ProjectEuler.CSharp.Test.csproj", "{F7A9DFC8-BB55-45D3-87C1-4BB08FC003EE}"
EndProject
Global
	GlobalSection(SolutionConfigurationPlatforms) = preSolution
		Debug|Any CPU = Debug|Any CPU
		Release|Any CPU = Release|Any CPU
	EndGlobalSection
	GlobalSection(SolutionProperties) = preSolution
		HideSolutionNode = FALSE
	EndGlobalSection
	GlobalSection(ProjectConfigurationPlatforms) = postSolution
		{AD5D49C9-DDE6-4BCF-AD4B-31BC1575C4A7}.Debug|Any CPU.ActiveCfg = Debug|Any CPU
		{AD5D49C9-DDE6-4BCF-AD4B-31BC1575C4A7}.Debug|Any CPU.Build.0 = Debug|Any CPU
		{AD5D49C9-DDE6-4BCF-AD4B-31BC1575C4A7}.Release|Any CPU.ActiveCfg = Release|Any CPU
		{AD5D49C9-DDE6-4BCF-AD4B-31BC1575C4A7}.Release|Any CPU.Build.0 = Release|Any CPU
		{F7A9DFC8-BB55-45D3-87C1-4BB08FC003EE}.Debug|Any CPU.ActiveCfg = Debug|Any CPU
		{F7A9DFC8-BB55-45D3-87C1-4BB08FC003EE}.Debug|Any CPU.Build.0 = Debug|Any CPU
		{F7A9DFC8-BB55-45D3-87C1-4BB08FC003EE}.Release|Any CPU.ActiveCfg = Release|Any CPU
		{F7A9DFC8-BB55-45D3-87C1-4BB08FC003EE}.Release|Any CPU.Build.0 = Release|Any CPU
	EndGlobalSection
EndGlobal
